
Microsoft Visual Studio Solution File, Format Version 12.00
# Visual Studio Version 16
VisualStudioVersion = 16.0.33801.447
MinimumVisualStudioVersion = 10.0.40219.1
Project("{FAE04EC0-301F-11D3-BF4B-00C04F79EFBC}") = "Bloc de Notas", "Bloc de Notas\Bloc de Notas.csproj", "{8DADE6F7-54A1-42E3-94A5-7EE84A0371D3}"
EndProject
Project("{2150E333-8FDC-42A3-9474-1A3956D46DE8}") = "Solution Items", "Solution Items", "{FA4F1B72-1408-4367-97FE-9388F47B9CB8}"
	ProjectSection(SolutionItems) = preProject
		ResTempl1.rct = ResTempl1.rct
	EndProjectSection
EndProject
Global
	GlobalSection(SolutionConfigurationPlatforms) = preSolution
		Debug|Any CPU = Debug|Any CPU
		Release|Any CPU = Release|Any CPU
	EndGlobalSection
	GlobalSection(ProjectConfigurationPlatforms) = postSolution
		{8DADE6F7-54A1-42E3-94A5-7EE84A0371D3}.Debug|Any CPU.ActiveCfg = Debug|Any CPU
		{8DADE6F7-54A1-42E3-94A5-7EE84A0371D3}.Debug|Any CPU.Build.0 = Debug|Any CPU
		{8DADE6F7-54A1-42E3-94A5-7EE84A0371D3}.Release|Any CPU.ActiveCfg = Release|Any CPU
		{8DADE6F7-54A1-42E3-94A5-7EE84A0371D3}.Release|Any CPU.Build.0 = Release|Any CPU
	EndGlobalSection
	GlobalSection(SolutionProperties) = preSolution
		HideSolutionNode = FALSE
	EndGlobalSection
	GlobalSection(ExtensibilityGlobals) = postSolution
		SolutionGuid = {C8093395-17B7-40C4-BE2E-FA47BA7E1688}
	EndGlobalSection
EndGlobal
